// !$*UTF8*$!
{
	archiveVersion = 1;
	classes = {
	};
	objectVersion = 46;
	objects = {

/* Begin PBXBuildFile section */
		037BDC97156477A0009B49CF /* UIKit.framework in Frameworks */ = {isa = PBXBuildFile; fileRef = 037BDC96156477A0009B49CF /* UIKit.framework */; };
		037BDC99156477A0009B49CF /* Foundation.framework in Frameworks */ = {isa = PBXBuildFile; fileRef = 037BDC98156477A0009B49CF /* Foundation.framework */; };
		037BDC9B156477A0009B49CF /* CoreGraphics.framework in Frameworks */ = {isa = PBXBuildFile; fileRef = 037BDC9A156477A0009B49CF /* CoreGraphics.framework */; };
		037BDCA1156477A0009B49CF /* InfoPlist.strings in Resources */ = {isa = PBXBuildFile; fileRef = 037BDC9F156477A0009B49CF /* InfoPlist.strings */; };
		037BDCA3156477A0009B49CF /* main.m in Sources */ = {isa = PBXBuildFile; fileRef = 037BDCA2156477A0009B49CF /* main.m */; };
		037BDCA7156477A0009B49CF /* AppDelegate.m in Sources */ = {isa = PBXBuildFile; fileRef = 037BDCA6156477A0009B49CF /* AppDelegate.m */; };
		037BDCAA156477A0009B49CF /* MainStoryboard_iPhone.storyboard in Resources */ = {isa = PBXBuildFile; fileRef = 037BDCA8156477A0009B49CF /* MainStoryboard_iPhone.storyboard */; };
		037BDCAD156477A0009B49CF /* MainStoryboard_iPad.storyboard in Resources */ = {isa = PBXBuildFile; fileRef = 037BDCAB156477A0009B49CF /* MainStoryboard_iPad.storyboard */; };
		037BDCB0156477A0009B49CF /* ViewController.m in Sources */ = {isa = PBXBuildFile; fileRef = 037BDCAF156477A0009B49CF /* ViewController.m */; };
		037BDCC2156481DA009B49CF /* JHPullRefreshViewController.m in Sources */ = {isa = PBXBuildFile; fileRef = 037BDCC1156481DA009B49CF /* JHPullRefreshViewController.m */; };
		037BDCC51564A833009B49CF /* RefreshView.m in Sources */ = {isa = PBXBuildFile; fileRef = 037BDCC41564A833009B49CF /* RefreshView.m */; };
		037BDCC71564A842009B49CF /* RefreshView.xib in Resources */ = {isa = PBXBuildFile; fileRef = 037BDCC61564A842009B49CF /* RefreshView.xib */; };
/* End PBXBuildFile section */

/* Begin PBXFileReference section */
		037BDC92156477A0009B49CF /* JHTableViewPullRefresh.app */ = {isa = PBXFileReference; explicitFileType = wrapper.application; includeInIndex = 0; path = JHTableViewPullRefresh.app; sourceTree = BUILT_PRODUCTS_DIR; };
		037BDC96156477A0009B49CF /* UIKit.framework */ = {isa = PBXFileReference; lastKnownFileType = wrapper.framework; name = UIKit.framework; path = System/Library/Frameworks/UIKit.framework; sourceTree = SDKROOT; };
		037BDC98156477A0009B49CF /* Foundation.framework */ = {isa = PBXFileReference; lastKnownFileType = wrapper.framework; name = Foundation.framework; path = System/Library/Frameworks/Foundation.framework; sourceTree = SDKROOT; };
		037BDC9A156477A0009B49CF /* CoreGraphics.framework */ = {isa = PBXFileReference; lastKnownFileType = wrapper.framework; name = CoreGraphics.framework; path = System/Library/Frameworks/CoreGraphics.framework; sourceTree = SDKROOT; };
		037BDC9E156477A0009B49CF /* JHTableViewPullRefresh-Info.plist */ = {isa = PBXFileReference; lastKnownFileType = text.plist.xml; path = "JHTableViewPullRefresh-Info.plist"; sourceTree = "<group>"; };
		037BDCA0156477A0009B49CF /* en */ = {isa = PBXFileReference; lastKnownFileType = text.plist.strings; name = en; path = en.lproj/InfoPlist.strings; sourceTree = "<group>"; };
		037BDCA2156477A0009B49CF /* main.m */ = {isa = PBXFileReference; lastKnownFileType = sourcecode.c.objc; path = main.m; sourceTree = "<group>"; };
		037BDCA4156477A0009B49CF /* JHTableViewPullRefresh-Prefix.pch */ = {isa = PBXFileReference; lastKnownFileType = sourcecode.c.h; path = "JHTableViewPullRefresh-Prefix.pch"; sourceTree = "<group>"; };
		037BDCA5156477A0009B49CF /* AppDelegate.h */ = {isa = PBXFileReference; lastKnownFileType = sourcecode.c.h; path = AppDelegate.h; sourceTree = "<group>"; };
		037BDCA6156477A0009B49CF /* AppDelegate.m */ = {isa = PBXFileReference; lastKnownFileType = sourcecode.c.objc; path = AppDelegate.m; sourceTree = "<group>"; };
		037BDCA9156477A0009B49CF /* en */ = {isa = PBXFileReference; lastKnownFileType = file.storyboard; name = en; path = en.lproj/MainStoryboard_iPhone.storyboard; sourceTree = "<group>"; };
		037BDCAC156477A0009B49CF /* en */ = {isa = PBXFileReference; lastKnownFileType = file.storyboard; name = en; path = en.lproj/MainStoryboard_iPad.storyboard; sourceTree = "<group>"; };
		037BDCAE156477A0009B49CF /* ViewController.h */ = {isa = PBXFileReference; lastKnownFileType = sourcecode.c.h; path = ViewController.h; sourceTree = "<group>"; };
		037BDCAF156477A0009B49CF /* ViewController.m */ = {isa = PBXFileReference; lastKnownFileType = sourcecode.c.objc; path = ViewController.m; sourceTree = "<group>"; };
		037BDCC0156481DA009B49CF /* JHPullRefreshViewController.h */ = {isa = PBXFileReference; fileEncoding = 4; lastKnownFileType = sourcecode.c.h; path = JHPullRefreshViewController.h; sourceTree = "<group>"; };
		037BDCC1156481DA009B49CF /* JHPullRefreshViewController.m */ = {isa = PBXFileReference; fileEncoding = 4; lastKnownFileType = sourcecode.c.objc; path = JHPullRefreshViewController.m; sourceTree = "<group>"; };
		037BDCC31564A833009B49CF /* RefreshView.h */ = {isa = PBXFileReference; fileEncoding = 4; lastKnownFileType = sourcecode.c.h; path = RefreshView.h; sourceTree = "<group>"; };
		037BDCC41564A833009B49CF /* RefreshView.m */ = {isa = PBXFileReference; fileEncoding = 4; lastKnownFileType = sourcecode.c.objc; path = RefreshView.m; sourceTree = "<group>"; };
		037BDCC61564A842009B49CF /* RefreshView.xib */ = {isa = PBXFileReference; fileEncoding = 4; lastKnownFileType = file.xib; path = RefreshView.xib; sourceTree = "<group>"; };
/* End PBXFileReference section */

/* Begin PBXFrameworksBuildPhase section */
		037BDC8F156477A0009B49CF /* Frameworks */ = {
			isa = PBXFrameworksBuildPhase;
			buildActionMask = 2147483647;
			files = (
				037BDC97156477A0009B49CF /* UIKit.framework in Frameworks */,
				037BDC99156477A0009B49CF /* Foundation.framework in Frameworks */,
				037BDC9B156477A0009B49CF /* CoreGraphics.framework in Frameworks */,
			);
			runOnlyForDeploymentPostprocessing = 0;
		};
/* End PBXFrameworksBuildPhase section */

/* Begin PBXGroup section */
		037BDC87156477A0009B49CF = {
			isa = PBXGroup;
			children = (
				037BDCB61564781B009B49CF /* Classes */,
				037BDC9C156477A0009B49CF /* JHTableViewPullRefresh */,
				037BDC95156477A0009B49CF /* Frameworks */,
				037BDC93156477A0009B49CF /* Products */,
			);
			sourceTree = "<group>";
		};
		037BDC93156477A0009B49CF /* Products */ = {
			isa = PBXGroup;
			children = (
				037BDC92156477A0009B49CF /* JHTableViewPullRefresh.app */,
			);
			name = Products;
			sourceTree = "<group>";
		};
		037BDC95156477A0009B49CF /* Frameworks */ = {
			isa = PBXGroup;
			children = (
				037BDC96156477A0009B49CF /* UIKit.framework */,
				037BDC98156477A0009B49CF /* Foundation.framework */,
				037BDC9A156477A0009B49CF /* CoreGraphics.framework */,
			);
			name = Frameworks;
			sourceTree = "<group>";
		};
		037BDC9C156477A0009B49CF /* JHTableViewPullRefresh */ = {
			isa = PBXGroup;
			children = (
				037BDCA5156477A0009B49CF /* AppDelegate.h */,
				037BDCA6156477A0009B49CF /* AppDelegate.m */,
				037BDCA8156477A0009B49CF /* MainStoryboard_iPhone.storyboard */,
				037BDCAB156477A0009B49CF /* MainStoryboard_iPad.storyboard */,
				037BDCAE156477A0009B49CF /* ViewController.h */,
				037BDCAF156477A0009B49CF /* ViewController.m */,
				037BDC9D156477A0009B49CF /* Supporting Files */,
			);
			path = JHTableViewPullRefresh;
			sourceTree = "<group>";
		};
		037BDC9D156477A0009B49CF /* Supporting Files */ = {
			isa = PBXGroup;
			children = (
				037BDC9E156477A0009B49CF /* JHTableViewPullRefresh-Info.plist */,
				037BDC9F156477A0009B49CF /* InfoPlist.strings */,
				037BDCA2156477A0009B49CF /* main.m */,
				037BDCA4156477A0009B49CF /* JHTableViewPullRefresh-Prefix.pch */,
			);
			name = "Supporting Files";
			sourceTree = "<group>";
		};
		037BDCB61564781B009B49CF /* Classes */ = {
			isa = PBXGroup;
			children = (
				037BDCC0156481DA009B49CF /* JHPullRefreshViewController.h */,
				037BDCC1156481DA009B49CF /* JHPullRefreshViewController.m */,
				037BDCC31564A833009B49CF /* RefreshView.h */,
				037BDCC41564A833009B49CF /* RefreshView.m */,
				037BDCC61564A842009B49CF /* RefreshView.xib */,
			);
			path = Classes;
			sourceTree = "<group>";
		};
/* End PBXGroup section */

/* Begin PBXNativeTarget section */
		037BDC91156477A0009B49CF /* JHTableViewPullRefresh */ = {
			isa = PBXNativeTarget;
			buildConfigurationList = 037BDCB3156477A0009B49CF /* Build configuration list for PBXNativeTarget "JHTableViewPullRefresh" */;
			buildPhases = (
				037BDC8E156477A0009B49CF /* Sources */,
				037BDC8F156477A0009B49CF /* Frameworks */,
				037BDC90156477A0009B49CF /* Resources */,
			);
			buildRules = (
			);
			dependencies = (
			);
			name = JHTableViewPullRefresh;
			productName = JHTableViewPullRefresh;
			productReference = 037BDC92156477A0009B49CF /* JHTableViewPullRefresh.app */;
			productType = "com.apple.product-type.application";
		};
/* End PBXNativeTarget section */

/* Begin PBXProject section */
		037BDC89156477A0009B49CF /* Project object */ = {
			isa = PBXProject;
			attributes = {
				LastUpgradeCheck = 0430;
			};
			buildConfigurationList = 037BDC8C156477A0009B49CF /* Build configuration list for PBXProject "JHTableViewPullRefresh" */;
			compatibilityVersion = "Xcode 3.2";
			developmentRegion = English;
			hasScannedForEncodings = 0;
			knownRegions = (
				en,
			);
			mainGroup = 037BDC87156477A0009B49CF;
			productRefGroup = 037BDC93156477A0009B49CF /* Products */;
			projectDirPath = "";
			projectRoot = "";
			targets = (
				037BDC91156477A0009B49CF /* JHTableViewPullRefresh */,
			);
		};
/* End PBXProject section */

/* Begin PBXResourcesBuildPhase section */
		037BDC90156477A0009B49CF /* Resources */ = {
			isa = PBXResourcesBuildPhase;
			buildActionMask = 2147483647;
			files = (
				037BDCA1156477A0009B49CF /* InfoPlist.strings in Resources */,
				037BDCAA156477A0009B49CF /* MainStoryboard_iPhone.storyboard in Resources */,
				037BDCAD156477A0009B49CF /* MainStoryboard_iPad.storyboard in Resources */,
				037BDCC71564A842009B49CF /* RefreshView.xib in Resources */,
			);
			runOnlyForDeploymentPostprocessing = 0;
		};
/* End PBXResourcesBuildPhase section */

/* Begin PBXSourcesBuildPhase section */
		037BDC8E156477A0009B49CF /* Sources */ = {
			isa = PBXSourcesBuildPhase;
			buildActionMask = 2147483647;
			files = (
				037BDCA3156477A0009B49CF /* main.m in Sources */,
				037BDCA7156477A0009B49CF /* AppDelegate.m in Sources */,
				037BDCB0156477A0009B49CF /* ViewController.m in Sources */,
				037BDCC2156481DA009B49CF /* JHPullRefreshViewController.m in Sources */,
				037BDCC51564A833009B49CF /* RefreshView.m in Sources */,
			);
			runOnlyForDeploymentPostprocessing = 0;
		};
/* End PBXSourcesBuildPhase section */

/* Begin PBXVariantGroup section */
		037BDC9F156477A0009B49CF /* InfoPlist.strings */ = {
			isa = PBXVariantGroup;
			children = (
				037BDCA0156477A0009B49CF /* en */,
			);
			name = InfoPlist.strings;
			sourceTree = "<group>";
		};
		037BDCA8156477A0009B49CF /* MainStoryboard_iPhone.storyboard */ = {
			isa = PBXVariantGroup;
			children = (
				037BDCA9156477A0009B49CF /* en */,
			);
			name = MainStoryboard_iPhone.storyboard;
			sourceTree = "<group>";
		};
		037BDCAB156477A0009B49CF /* MainStoryboard_iPad.storyboard */ = {
			isa = PBXVariantGroup;
			children = (
				037BDCAC156477A0009B49CF /* en */,
			);
			name = MainStoryboard_iPad.storyboard;
			sourceTree = "<group>";
		};
/* End PBXVariantGroup section */

/* Begin XCBuildConfiguration section */
		037BDCB1156477A0009B49CF /* Debug */ = {
			isa = XCBuildConfiguration;
			buildSettings = {
				ALWAYS_SEARCH_USER_PATHS = NO;
				ARCHS = "$(ARCHS_STANDARD_32_BIT)";
				CLANG_ENABLE_OBJC_ARC = YES;
				"CODE_SIGN_IDENTITY[sdk=iphoneos*]" = "iPhone Developer";
				COPY_PHASE_STRIP = NO;
				GCC_C_LANGUAGE_STANDARD = gnu99;
				GCC_DYNAMIC_NO_PIC = NO;
				GCC_OPTIMIZATION_LEVEL = 0;
				GCC_PREPROCESSOR_DEFINITIONS = (
					"DEBUG=1",
					"$(inherited)",
				);
				GCC_SYMBOLS_PRIVATE_EXTERN = NO;
				GCC_VERSION = com.apple.compilers.llvm.clang.1_0;
				GCC_WARN_ABOUT_RETURN_TYPE = YES;
				GCC_WARN_UNINITIALIZED_AUTOS = YES;
				GCC_WARN_UNUSED_VARIABLE = YES;
				IPHONEOS_DEPLOYMENT_TARGET = 5.1;
				SDKROOT = iphoneos;
				TARGETED_DEVICE_FAMILY = "1,2";
			};
			name = Debug;
		};
		037BDCB2156477A0009B49CF /* Release */ = {
			isa = XCBuildConfiguration;
			buildSettings = {
				ALWAYS_SEARCH_USER_PATHS = NO;
				ARCHS = "$(ARCHS_STANDARD_32_BIT)";
				CLANG_ENABLE_OBJC_ARC = YES;
				"CODE_SIGN_IDENTITY[sdk=iphoneos*]" = "iPhone Developer";
				COPY_PHASE_STRIP = YES;
				GCC_C_LANGUAGE_STANDARD = gnu99;
				GCC_VERSION = com.apple.compilers.llvm.clang.1_0;
				GCC_WARN_ABOUT_RETURN_TYPE = YES;
				GCC_WARN_UNINITIALIZED_AUTOS = YES;
				GCC_WARN_UNUSED_VARIABLE = YES;
				IPHONEOS_DEPLOYMENT_TARGET = 5.1;
				OTHER_CFLAGS = "-DNS_BLOCK_ASSERTIONS=1";
				SDKROOT = iphoneos;
				TARGETED_DEVICE_FAMILY = "1,2";
				VALIDATE_PRODUCT = YES;
			};
			name = Release;
		};
		037BDCB4156477A0009B49CF /* Debug */ = {
			isa = XCBuildConfiguration;
			buildSettings = {
				GCC_PRECOMPILE_PREFIX_HEADER = YES;
				GCC_PREFIX_HEADER = "JHTableViewPullRefresh/JHTableViewPullRefresh-Prefix.pch";
				INFOPLIST_FILE = "JHTableViewPullRefresh/JHTableViewPullRefresh-Info.plist";
				PRODUCT_NAME = "$(TARGET_NAME)";
				WRAPPER_EXTENSION = app;
			};
			name = Debug;
		};
		037BDCB5156477A0009B49CF /* Release */ = {
			isa = XCBuildConfiguration;
			buildSettings = {
				GCC_PRECOMPILE_PREFIX_HEADER = YES;
				GCC_PREFIX_HEADER = "JHTableViewPullRefresh/JHTableViewPullRefresh-Prefix.pch";
				INFOPLIST_FILE = "JHTableViewPullRefresh/JHTableViewPullRefresh-Info.plist";
				PRODUCT_NAME = "$(TARGET_NAME)";
				WRAPPER_EXTENSION = app;
			};
			name = Release;
		};
/* End XCBuildConfiguration section */

/* Begin XCConfigurationList section */
		037BDC8C156477A0009B49CF /* Build configuration list for PBXProject "JHTableViewPullRefresh" */ = {
			isa = XCConfigurationList;
			buildConfigurations = (
				037BDCB1156477A0009B49CF /* Debug */,
				037BDCB2156477A0009B49CF /* Release */,
			);
			defaultConfigurationIsVisible = 0;
			defaultConfigurationName = Release;
		};
		037BDCB3156477A0009B49CF /* Build configuration list for PBXNativeTarget "JHTableViewPullRefresh" */ = {
			isa = XCConfigurationList;
			buildConfigurations = (
				037BDCB4156477A0009B49CF /* Debug */,
				037BDCB5156477A0009B49CF /* Release */,
			);
			defaultConfigurationIsVisible = 0;
		};
/* End XCConfigurationList section */
	};
	rootObject = 037BDC89156477A0009B49CF /* Project object */;
}
